
Microsoft Visual Studio Solution File, Format Version 12.00
# Visual Studio Version 17
VisualStudioVersion = 17.14.36401.2 d17.14
MinimumVisualStudioVersion = 10.0.40219.1
Project("{FAE04EC0-301F-11D3-BF4B-00C04F79EFBC}") = "Web", "Web\Web.csproj", "{09DB1702-423C-461F-8359-97B323A8D445}"
EndProject
Project("{FAE04EC0-301F-11D3-BF4B-00C04F79EFBC}") = "Core", "Core\Core.csproj", "{398F57A8-28B7-4068-AAA2-125C09CC0161}"
EndProject
Project("{FAE04EC0-301F-11D3-BF4B-00C04F79EFBC}") = "Data", "Data\Data.csproj", "{AEFBD684-C910-46FF-B9F1-CA8F5E8E308A}"
EndProject
Project("{FAE04EC0-301F-11D3-BF4B-00C04F79EFBC}") = "Services", "Services\Services.csproj", "{B192FF49-13EB-4498-B83C-FA15FAA7B89A}"
EndProject
Project("{FAE04EC0-301F-11D3-BF4B-00C04F79EFBC}") = "Common", "Common\Common.csproj", "{C77BB941-6758-485C-BD86-BBBE4B8F9710}"
EndProject
Global
	GlobalSection(SolutionConfigurationPlatforms) = preSolution
		Debug|Any CPU = Debug|Any CPU
		Release|Any CPU = Release|Any CPU
	EndGlobalSection
	GlobalSection(ProjectConfigurationPlatforms) = postSolution
		{09DB1702-423C-461F-8359-97B323A8D445}.Debug|Any CPU.ActiveCfg = Debug|Any CPU
		{09DB1702-423C-461F-8359-97B323A8D445}.Debug|Any CPU.Build.0 = Debug|Any CPU
		{09DB1702-423C-461F-8359-97B323A8D445}.Release|Any CPU.ActiveCfg = Release|Any CPU
		{09DB1702-423C-461F-8359-97B323A8D445}.Release|Any CPU.Build.0 = Release|Any CPU
		{398F57A8-28B7-4068-AAA2-125C09CC0161}.Debug|Any CPU.ActiveCfg = Debug|Any CPU
		{398F57A8-28B7-4068-AAA2-125C09CC0161}.Debug|Any CPU.Build.0 = Debug|Any CPU
		{398F57A8-28B7-4068-AAA2-125C09CC0161}.Release|Any CPU.ActiveCfg = Release|Any CPU
		{398F57A8-28B7-4068-AAA2-125C09CC0161}.Release|Any CPU.Build.0 = Release|Any CPU
		{AEFBD684-C910-46FF-B9F1-CA8F5E8E308A}.Debug|Any CPU.ActiveCfg = Debug|Any CPU
		{AEFBD684-C910-46FF-B9F1-CA8F5E8E308A}.Debug|Any CPU.Build.0 = Debug|Any CPU
		{AEFBD684-C910-46FF-B9F1-CA8F5E8E308A}.Release|Any CPU.ActiveCfg = Release|Any CPU
		{AEFBD684-C910-46FF-B9F1-CA8F5E8E308A}.Release|Any CPU.Build.0 = Release|Any CPU
		{B192FF49-13EB-4498-B83C-FA15FAA7B89A}.Debug|Any CPU.ActiveCfg = Debug|Any CPU
		{B192FF49-13EB-4498-B83C-FA15FAA7B89A}.Debug|Any CPU.Build.0 = Debug|Any CPU
		{B192FF49-13EB-4498-B83C-FA15FAA7B89A}.Release|Any CPU.ActiveCfg = Release|Any CPU
		{B192FF49-13EB-4498-B83C-FA15FAA7B89A}.Release|Any CPU.Build.0 = Release|Any CPU
		{C77BB941-6758-485C-BD86-BBBE4B8F9710}.Debug|Any CPU.ActiveCfg = Debug|Any CPU
		{C77BB941-6758-485C-BD86-BBBE4B8F9710}.Debug|Any CPU.Build.0 = Debug|Any CPU
		{C77BB941-6758-485C-BD86-BBBE4B8F9710}.Release|Any CPU.ActiveCfg = Release|Any CPU
		{C77BB941-6758-485C-BD86-BBBE4B8F9710}.Release|Any CPU.Build.0 = Release|Any CPU
	EndGlobalSection
	GlobalSection(SolutionProperties) = preSolution
		HideSolutionNode = FALSE
	EndGlobalSection
	GlobalSection(ExtensibilityGlobals) = postSolution
		SolutionGuid = {8F581280-63F5-461F-9053-25735F5CE47C}
	EndGlobalSection
EndGlobal
